{
  "lockfile_version": "1",
  "packages": {
    "github:NixOS/nixpkgs/nixpkgs-unstable": {
      "last_modified": "2026-03-05T18:52:33Z",
      "resolved": "github:NixOS/nixpkgs/917fec990948658ef1ccd07cef2a1ef060786846?lastModified=1772736753&narHash=sha256-au%2Fm3%2BEuBLoSzWUCb64a%2FMZq6QUtOV8oC0D9tY2scPQ%3D"
    },
    "k9s@latest": {
      "last_modified": "2026-04-23T13:07:47Z",
      "resolved": "github:NixOS/nixpkgs/01fbdeef22b76df85ea168fbfe1bfd9e63681b30#k9s",
      "source": "devbox-search",
      "version": "0.50.18",
      "systems": {
        "aarch64-darwin": {
          "outputs": [
            {
              "name": "out",
              "path": "/nix/store/n73c5n190vmjv1dr86k8c9p0ckd9j7qa-k9s-0.50.18",
              "default": true
            }
          ],
          "store_path": "/nix/store/n73c5n190vmjv1dr86k8c9p0ckd9j7qa-k9s-0.50.18"
        },
        "aarch64-linux": {
          "outputs": [
            {
              "name": "out",
              "path": "/nix/store/0qbiid6irrxpm828slmz0rxz0cy62gdn-k9s-0.50.18",
              "default": true
            }
          ],
          "store_path": "/nix/store/0qbiid6irrxpm828slmz0rxz0cy62gdn-k9s-0.50.18"
        },
        "x86_64-darwin": {
          "outputs": [
            {
              "name": "out",
              "path": "/nix/store/fhia35654vwsph1mp77pkpi65l3zd3v8-k9s-0.50.18",
              "default": true
            }
          ],
          "store_path": "/nix/store/fhia35654vwsph1mp77pkpi65l3zd3v8-k9s-0.50.18"
        },
        "x86_64-linux": {
          "outputs": [
            {
              "name": "out",
              "path": "/nix/store/pjj5yxwfcfhcmhz28a2gyspl9g1bvwch-k9s-0.50.18",
              "default": true
            }
          ],
          "store_path": "/nix/store/pjj5yxwfcfhcmhz28a2gyspl9g1bvwch-k9s-0.50.18"
        }
      }
    },
    "kubectl@latest": {
      "last_modified": "2026-04-23T13:07:47Z",
      "resolved": "github:NixOS/nixpkgs/01fbdeef22b76df85ea168fbfe1bfd9e63681b30#kubectl",
      "source": "devbox-search",
      "version": "1.35.4",
      "systems": {
        "aarch64-darwin": {
          "outputs": [
            {
              "name": "out",
              "path": "/nix/store/9wknq282v46jz741ch4m0992fpdfc35a-kubectl-1.35.4",
              "default": true
            },
            {
              "name": "man",
              "path": "/nix/store/pgfxvvcnrqkg2k25cnn31xvnvjgx2x99-kubectl-1.35.4-man",
              "default": true
            },
            {
              "name": "convert",
              "path": "/nix/store/8jbbzbpwsw24g7dic6adwc1ljx4ji07z-kubectl-1.35.4-convert"
            }
          ],
          "store_path": "/nix/store/9wknq282v46jz741ch4m0992fpdfc35a-kubectl-1.35.4"
        },
        "aarch64-linux": {
          "outputs": [
            {
              "name": "out",
              "path": "/nix/store/g7vvbxhi8qzxc4dgiw9j56ibwjzd7fn0-kubectl-1.35.4",
              "default": true
            },
            {
              "name": "man",
              "path": "/nix/store/q0bixq0fpm2rzm78xzyi115bwqdwli4b-kubectl-1.35.4-man",
              "default": true
            },
            {
              "name": "convert",
              "path": "/nix/store/ihbgz5301q7lhjhrz7mp71b70vl4byfr-kubectl-1.35.4-convert"
            }
          ],
          "store_path": "/nix/store/g7vvbxhi8qzxc4dgiw9j56ibwjzd7fn0-kubectl-1.35.4"
        },
        "x86_64-darwin": {
          "outputs": [
            {
              "name": "out",
              "path": "/nix/store/qfrvi1izlz7fdgvbgiaczgn1wkylnv0s-kubectl-1.35.4",
              "default": true
            },
            {
              "name": "man",
              "path": "/nix/store/ylz0qh0n3pn5mdk8c7wwwqz0wwnlmzy1-kubectl-1.35.4-man",
              "default": true
            },
            {
              "name": "convert",
              "path": "/nix/store/msb87kmykd8caw8b8x7742d1lslckgr4-kubectl-1.35.4-convert"
            }
          ],
          "store_path": "/nix/store/qfrvi1izlz7fdgvbgiaczgn1wkylnv0s-kubectl-1.35.4"
        },
        "x86_64-linux": {
          "outputs": [
            {
              "name": "out",
              "path": "/nix/store/03yalj5nv3fsg1rg7h6bf5nk96diywck-kubectl-1.35.4",
              "default": true
            },
            {
              "name": "man",
              "path": "/nix/store/dswmnbzm8c0xs51z0qp0ffnip94d82xn-kubectl-1.35.4-man",
              "default": true
            },
            {
              "name": "convert",
              "path": "/nix/store/5ynyvn6nhflqcljllbhyn85si2kwkm15-kubectl-1.35.4-convert"
            }
          ],
          "store_path": "/nix/store/03yalj5nv3fsg1rg7h6bf5nk96diywck-kubectl-1.35.4"
        }
      }
    }
  }
}
